
Microsoft Visual Studio Solution File, Format Version 12.00
# Visual Studio Version 17
VisualStudioVersion = 17.8.34525.116
MinimumVisualStudioVersion = 10.0.40219.1
Project("{FAE04EC0-301F-11D3-BF4B-00C04F79EFBC}") = "ConvertExpress", "ConvertExpress\ConvertExpress.csproj", "{D0539BC3-2C88-4B34-93B5-4A690DEED1B4}"
EndProject
Global
	GlobalSection(SolutionConfigurationPlatforms) = preSolution
		Debug|Any CPU = Debug|Any CPU
		Release|Any CPU = Release|Any CPU
	EndGlobalSection
	GlobalSection(ProjectConfigurationPlatforms) = postSolution
		{D0539BC3-2C88-4B34-93B5-4A690DEED1B4}.Debug|Any CPU.ActiveCfg = Debug|Any CPU
		{D0539BC3-2C88-4B34-93B5-4A690DEED1B4}.Debug|Any CPU.Build.0 = Debug|Any CPU
		{D0539BC3-2C88-4B34-93B5-4A690DEED1B4}.Release|Any CPU.ActiveCfg = Release|Any CPU
		{D0539BC3-2C88-4B34-93B5-4A690DEED1B4}.Release|Any CPU.Build.0 = Release|Any CPU
	EndGlobalSection
	GlobalSection(SolutionProperties) = preSolution
		HideSolutionNode = FALSE
	EndGlobalSection
	GlobalSection(ExtensibilityGlobals) = postSolution
		SolutionGuid = {91E99344-1407-4F9D-9A4F-F9FD53D3EB2C}
	EndGlobalSection
EndGlobal
